github.com/boot-go/boot v1.0.0-beta.5/go.mod h1:tLrKcV0hjFhNNe90eeJ3gvEWp0uxukZTtYrmAS95Y0I=
github.com/boot-go/boot v1.0.0-rc h1:Iig/chv8phqCkXAI/SaPttZD8gsOp5WQbb0xxHfZc6I=
github.com/boot-go/boot v1.0.0-rc/go.mod h1:tLrKcV0hjFhNNe90eeJ3gvEWp0uxukZTtYrmAS95Y0I=
github.com/boot-go/stack v1.0.0-alpha h1:ZmpUxh1+EZSdeJw9AHtpMoGbal1x6PenjU7UZJOU5Z0=
github.com/boot-go/stack v1.0.0-alpha/go.mod h1:/e0qZG7it6DR+pqwEotAuC4/Ck5Eauf+SwPIsKsk47o=
github.com/go-chi/chi v1.5.4 h1:QHdzF2szwjqVV4wmByUnTcsbIg7UGaQ0tPF2t5GcAIs=
github.com/go-chi/chi v1.5.4/go.mod h1:uaf8YgoFazUOkPBG7fxPftUylNumIev9awIWOENIuEg=
